# This file is autogenerated, do not edit; changes may be undone by the next 'dep ensure'.


[[projects]]
  digest = "1:1ffcd8f0d120b77f2c134a2ca061f6a2572deff45bc27384e4c95cca5fda37ae"
  name = "github.com/confluentinc/confluent-kafka-go"
  packages = [
    "kafka",
    "kafka/librdkafka",
  ]
  pruneopts = "UT"
  revision = "bb5bb31194f8046f3c9f09fbf0a3aae460a02000"
  version = "v1.4.2"

[[projects]]
  digest = "1:9e1d37b58d17113ec3cb5608ac0382313c5b59470b94ed97d0976e69c7022314"
  name = "github.com/pkg/errors"
  packages = ["."]
  pruneopts = "UT"
  revision = "614d223910a179a466c1767a985424175c39b465"
  version = "v0.9.1"

[[projects]]
  digest = "1:ca4df663ad76879ad38dbd736493679cbb1aa596c6d479fd9fc5e959e5ceb4fb"
  name = "github.com/urfave/cli"
  packages = ["."]
  pruneopts = "UT"
  revision = "e6cf83ec39f6e1158ced1927d4ed14578fda8edb"
  version = "v1.21.0"

[[projects]]
  digest = "1:19525e48b45af69339bd7c2812137dbd1e650a78fc09c7c75482e307d51aa28d"
  name = "go.uber.org/atomic"
  packages = ["."]
  pruneopts = "UT"
  revision = "845920076a298bdb984fb0f1b86052e4ca0a281c"
  version = "v1.6.0"

[[projects]]
  digest = "1:a23ddd39502ba94e2a72815a946d0edec801defcf0a0c0530d04acee1f455128"
  name = "go.uber.org/multierr"
  packages = ["."]
  pruneopts = "UT"
  revision = "b587143a48b62b01d337824eab43700af6ffe222"
  version = "v1.5.0"

[[projects]]
  digest = "1:8e22fc6a99b3054c643f020c29a8e5c7809e75292b4960b26b60f717a201b6dc"
  name = "go.uber.org/zap"
  packages = [
    ".",
    "buffer",
    "internal/bufferpool",
    "internal/color",
    "internal/exit",
    "zapcore",
  ]
  pruneopts = "UT"
  revision = "feeb9a050b31b40eec6f2470e7599eeeadfe5bdd"
  version = "v1.15.0"

[solve-meta]
  analyzer-name = "dep"
  analyzer-version = 1
  input-imports = [
    "github.com/confluentinc/confluent-kafka-go/kafka",
    "github.com/pkg/errors",
    "github.com/urfave/cli",
    "go.uber.org/zap",
    "go.uber.org/zap/zapcore",
  ]
  solver-name = "gps-cdcl"
  solver-version = 1
